
Microsoft Visual Studio Solution File, Format Version 12.00
# Visual Studio Version 17
VisualStudioVersion = 17.10.35027.167
MinimumVisualStudioVersion = 10.0.40219.1
Project("{FAE04EC0-301F-11D3-BF4B-00C04F79EFBC}") = "Championship", "Championship\Championship.csproj", "{119BECBE-BA70-4415-88CB-AB0980CA7439}"
EndProject
Global
	GlobalSection(SolutionConfigurationPlatforms) = preSolution
		Debug|Any CPU = Debug|Any CPU
		Release|Any CPU = Release|Any CPU
	EndGlobalSection
	GlobalSection(ProjectConfigurationPlatforms) = postSolution
		{119BECBE-BA70-4415-88CB-AB0980CA7439}.Debug|Any CPU.ActiveCfg = Debug|Any CPU
		{119BECBE-BA70-4415-88CB-AB0980CA7439}.Debug|Any CPU.Build.0 = Debug|Any CPU
		{119BECBE-BA70-4415-88CB-AB0980CA7439}.Release|Any CPU.ActiveCfg = Release|Any CPU
		{119BECBE-BA70-4415-88CB-AB0980CA7439}.Release|Any CPU.Build.0 = Release|Any CPU
	EndGlobalSection
	GlobalSection(SolutionProperties) = preSolution
		HideSolutionNode = FALSE
	EndGlobalSection
	GlobalSection(ExtensibilityGlobals) = postSolution
		SolutionGuid = {709E31C8-7BEC-4470-958C-41FCCAA5CC2C}
	EndGlobalSection
EndGlobal
